// !$*UTF8*$!
{
	archiveVersion = 1;
	classes = {
	};
	objectVersion = 55;
	objects = {

/* Begin PBXBuildFile section */
		8C30CE1927803B4B00F5CEE4 /* NSNotificationName.swift in Sources */ = {isa = PBXBuildFile; fileRef = 8C30CE1827803B4B00F5CEE4 /* NSNotificationName.swift */; };
		8C30CE1B27803D3A00F5CEE4 /* UITextField+SecureToggle.swift in Sources */ = {isa = PBXBuildFile; fileRef = 8C30CE1A27803D3900F5CEE4 /* UITextField+SecureToggle.swift */; };
		8C30CE1E278053CA00F5CEE4 /* ShakeyBellView.swift in Sources */ = {isa = PBXBuildFile; fileRef = 8C30CE1D278053CA00F5CEE4 /* ShakeyBellView.swift */; };
		8C387C8D277EB1CE00968F99 /* AccountSummaryCell.swift in Sources */ = {isa = PBXBuildFile; fileRef = 8C387C8C277EB1CE00968F99 /* AccountSummaryCell.swift */; };
		8C387C8F277EF50500968F99 /* Decimal+Utils.swift in Sources */ = {isa = PBXBuildFile; fileRef = 8C387C8E277EF50500968F99 /* Decimal+Utils.swift */; };
		8C387C91277EF56000968F99 /* CurrencyFormatter.swift in Sources */ = {isa = PBXBuildFile; fileRef = 8C387C90277EF56000968F99 /* CurrencyFormatter.swift */; };
		8C387CA0277EFE9600968F99 /* CurrencyFormatterTests.swift in Sources */ = {isa = PBXBuildFile; fileRef = 8C387C9F277EFE9600968F99 /* CurrencyFormatterTests.swift */; };
		8C5739EA27818ACF001C75C4 /* SkeletonLoadable.swift in Sources */ = {isa = PBXBuildFile; fileRef = 8C5739E927818ACF001C75C4 /* SkeletonLoadable.swift */; };
		8C5739EC27818B60001C75C4 /* SkeletonCell.swift in Sources */ = {isa = PBXBuildFile; fileRef = 8C5739EB27818B60001C75C4 /* SkeletonCell.swift */; };
		8C986AFD277D8C9A00DF04B4 /* DummyViewController.swift in Sources */ = {isa = PBXBuildFile; fileRef = 8C986AFC277D8C9A00DF04B4 /* DummyViewController.swift */; };
		8C986B00277D92E700DF04B4 /* LocalState.swift in Sources */ = {isa = PBXBuildFile; fileRef = 8C986AFF277D92E700DF04B4 /* LocalState.swift */; };
		8C986B02277D9A4100DF04B4 /* UIViewController+Utils.swift in Sources */ = {isa = PBXBuildFile; fileRef = 8C986B01277D9A4100DF04B4 /* UIViewController+Utils.swift */; };
		8C986B04277D9B6300DF04B4 /* MainViewController.swift in Sources */ = {isa = PBXBuildFile; fileRef = 8C986B03277D9B6300DF04B4 /* MainViewController.swift */; };
		8CBA03AB27815AD90035ACB8 /* Date+Utils.swift in Sources */ = {isa = PBXBuildFile; fileRef = 8CBA03AA27815AD90035ACB8 /* Date+Utils.swift */; };
		8CBA03AD27815BEE0035ACB8 /* AccountSummaryViewController+Networking.swift in Sources */ = {isa = PBXBuildFile; fileRef = 8CBA03AC27815BEE0035ACB8 /* AccountSummaryViewController+Networking.swift */; };
		8CBA03B1278166140035ACB8 /* ProfileTests.swift in Sources */ = {isa = PBXBuildFile; fileRef = 8CBA03B0278166140035ACB8 /* ProfileTests.swift */; };
		8CBA03B3278166970035ACB8 /* AccountTests.swift in Sources */ = {isa = PBXBuildFile; fileRef = 8CBA03B2278166970035ACB8 /* AccountTests.swift */; };
		8CD4A4F1277DA9F4006588AB /* AccountSummaryViewController.swift in Sources */ = {isa = PBXBuildFile; fileRef = 8CD4A4F0277DA9F4006588AB /* AccountSummaryViewController.swift */; };
		8CD4A4F3277DB447006588AB /* AccountSummaryHeaderView.swift in Sources */ = {isa = PBXBuildFile; fileRef = 8CD4A4F2277DB447006588AB /* AccountSummaryHeaderView.swift */; };
		8CD4A4F5277DB46D006588AB /* AccountSummaryHeaderView.xib in Resources */ = {isa = PBXBuildFile; fileRef = 8CD4A4F4277DB46D006588AB /* AccountSummaryHeaderView.xib */; };
		8CE677B5277C32C2007DA708 /* AppDelegate.swift in Sources */ = {isa = PBXBuildFile; fileRef = 8CE677B4277C32C2007DA708 /* AppDelegate.swift */; };
		8CE677B9277C32C2007DA708 /* LoginViewController.swift in Sources */ = {isa = PBXBuildFile; fileRef = 8CE677B8277C32C2007DA708 /* LoginViewController.swift */; };
		8CE677BE277C32C3007DA708 /* Assets.xcassets in Resources */ = {isa = PBXBuildFile; fileRef = 8CE677BD277C32C3007DA708 /* Assets.xcassets */; };
		8CE677C1277C32C3007DA708 /* LaunchScreen.storyboard in Resources */ = {isa = PBXBuildFile; fileRef = 8CE677BF277C32C3007DA708 /* LaunchScreen.storyboard */; };
		8CE677CC277C3753007DA708 /* LoginView.swift in Sources */ = {isa = PBXBuildFile; fileRef = 8CE677CB277C3753007DA708 /* LoginView.swift */; };
		8CE677CF277C5D2F007DA708 /* OnboardingContainerViewController.swift in Sources */ = {isa = PBXBuildFile; fileRef = 8CE677CE277C5D2F007DA708 /* OnboardingContainerViewController.swift */; };
		8CE677D1277C6459007DA708 /* OnboardingViewController.swift in Sources */ = {isa = PBXBuildFile; fileRef = 8CE677D0277C6459007DA708 /* OnboardingViewController.swift */; };
/* End PBXBuildFile section */

/* Begin PBXContainerItemProxy section */
		8C387C9A277EFD5D00968F99 /* PBXContainerItemProxy */ = {
			isa = PBXContainerItemProxy;
			containerPortal = 8CE677A9277C32C2007DA708 /* Project object */;
			proxyType = 1;
			remoteGlobalIDString = 8CE677B0277C32C2007DA708;
			remoteInfo = Bankey;
		};
/* End PBXContainerItemProxy section */

/* Begin PBXFileReference section */
		8C30CE1827803B4B00F5CEE4 /* NSNotificationName.swift */ = {isa = PBXFileReference; lastKnownFileType = sourcecode.swift; path = NSNotificationName.swift; sourceTree = "<group>"; };
		8C30CE1A27803D3900F5CEE4 /* UITextField+SecureToggle.swift */ = {isa = PBXFileReference; lastKnownFileType = sourcecode.swift; path = "UITextField+SecureToggle.swift"; sourceTree = "<group>"; };
		8C30CE1D278053CA00F5CEE4 /* ShakeyBellView.swift */ = {isa = PBXFileReference; lastKnownFileType = sourcecode.swift; path = ShakeyBellView.swift; sourceTree = "<group>"; };
		8C387C8C277EB1CE00968F99 /* AccountSummaryCell.swift */ = {isa = PBXFileReference; lastKnownFileType = sourcecode.swift; path = AccountSummaryCell.swift; sourceTree = "<group>"; };
		8C387C8E277EF50500968F99 /* Decimal+Utils.swift */ = {isa = PBXFileReference; lastKnownFileType = sourcecode.swift; path = "Decimal+Utils.swift"; sourceTree = "<group>"; };
		8C387C90277EF56000968F99 /* CurrencyFormatter.swift */ = {isa = PBXFileReference; lastKnownFileType = sourcecode.swift; path = CurrencyFormatter.swift; sourceTree = "<group>"; };
		8C387C96277EFD5D00968F99 /* BankeyUnitTests.xctest */ = {isa = PBXFileReference; explicitFileType = wrapper.cfbundle; includeInIndex = 0; path = BankeyUnitTests.xctest; sourceTree = BUILT_PRODUCTS_DIR; };
		8C387C9F277EFE9600968F99 /* CurrencyFormatterTests.swift */ = {isa = PBXFileReference; lastKnownFileType = sourcecode.swift; path = CurrencyFormatterTests.swift; sourceTree = "<group>"; };
		8C5739E927818ACF001C75C4 /* SkeletonLoadable.swift */ = {isa = PBXFileReference; lastKnownFileType = sourcecode.swift; path = SkeletonLoadable.swift; sourceTree = "<group>"; };
		8C5739EB27818B60001C75C4 /* SkeletonCell.swift */ = {isa = PBXFileReference; lastKnownFileType = sourcecode.swift; path = SkeletonCell.swift; sourceTree = "<group>"; };
		8C986AFC277D8C9A00DF04B4 /* DummyViewController.swift */ = {isa = PBXFileReference; lastKnownFileType = sourcecode.swift; path = DummyViewController.swift; sourceTree = "<group>"; };
		8C986AFF277D92E700DF04B4 /* LocalState.swift */ = {isa = PBXFileReference; lastKnownFileType = sourcecode.swift; path = LocalState.swift; sourceTree = "<group>"; };
		8C986B01277D9A4100DF04B4 /* UIViewController+Utils.swift */ = {isa = PBXFileReference; lastKnownFileType = sourcecode.swift; path = "UIViewController+Utils.swift"; sourceTree = "<group>"; };
		8C986B03277D9B6300DF04B4 /* MainViewController.swift */ = {isa = PBXFileReference; lastKnownFileType = sourcecode.swift; path = MainViewController.swift; sourceTree = "<group>"; };
		8CBA03AA27815AD90035ACB8 /* Date+Utils.swift */ = {isa = PBXFileReference; lastKnownFileType = sourcecode.swift; path = "Date+Utils.swift"; sourceTree = "<group>"; };
		8CBA03AC27815BEE0035ACB8 /* AccountSummaryViewController+Networking.swift */ = {isa = PBXFileReference; lastKnownFileType = sourcecode.swift; path = "AccountSummaryViewController+Networking.swift"; sourceTree = "<group>"; };
		8CBA03B0278166140035ACB8 /* ProfileTests.swift */ = {isa = PBXFileReference; lastKnownFileType = sourcecode.swift; path = ProfileTests.swift; sourceTree = "<group>"; };
		8CBA03B2278166970035ACB8 /* AccountTests.swift */ = {isa = PBXFileReference; lastKnownFileType = sourcecode.swift; path = AccountTests.swift; sourceTree = "<group>"; };
		8CD4A4F0277DA9F4006588AB /* AccountSummaryViewController.swift */ = {isa = PBXFileReference; lastKnownFileType = sourcecode.swift; path = AccountSummaryViewController.swift; sourceTree = "<group>"; };
		8CD4A4F2277DB447006588AB /* AccountSummaryHeaderView.swift */ = {isa = PBXFileReference; lastKnownFileType = sourcecode.swift; path = AccountSummaryHeaderView.swift; sourceTree = "<group>"; };
		8CD4A4F4277DB46D006588AB /* AccountSummaryHeaderView.xib */ = {isa = PBXFileReference; lastKnownFileType = file.xib; path = AccountSummaryHeaderView.xib; sourceTree = "<group>"; };
		8CE677B1277C32C2007DA708 /* Bankey.app */ = {isa = PBXFileReference; explicitFileType = wrapper.application; includeInIndex = 0; path = Bankey.app; sourceTree = BUILT_PRODUCTS_DIR; };
		8CE677B4277C32C2007DA708 /* AppDelegate.swift */ = {isa = PBXFileReference; lastKnownFileType = sourcecode.swift; path = AppDelegate.swift; sourceTree = "<group>"; };
		8CE677B8277C32C2007DA708 /* LoginViewController.swift */ = {isa = PBXFileReference; lastKnownFileType = sourcecode.swift; path = LoginViewController.swift; sourceTree = "<group>"; };
		8CE677BD277C32C3007DA708 /* Assets.xcassets */ = {isa = PBXFileReference; lastKnownFileType = folder.assetcatalog; path = Assets.xcassets; sourceTree = "<group>"; };
		8CE677C0277C32C3007DA708 /* Base */ = {isa = PBXFileReference; lastKnownFileType = file.storyboard; name = Base; path = Base.lproj/LaunchScreen.storyboard; sourceTree = "<group>"; };
		8CE677C2277C32C3007DA708 /* Info.plist */ = {isa = PBXFileReference; lastKnownFileType = text.plist.xml; path = Info.plist; sourceTree = "<group>"; };
		8CE677CB277C3753007DA708 /* LoginView.swift */ = {isa = PBXFileReference; lastKnownFileType = sourcecode.swift; path = LoginView.swift; sourceTree = "<group>"; };
		8CE677CE277C5D2F007DA708 /* OnboardingContainerViewController.swift */ = {isa = PBXFileReference; lastKnownFileType = sourcecode.swift; path = OnboardingContainerViewController.swift; sourceTree = "<group>"; };
		8CE677D0277C6459007DA708 /* OnboardingViewController.swift */ = {isa = PBXFileReference; lastKnownFileType = sourcecode.swift; path = OnboardingViewController.swift; sourceTree = "<group>"; };
/* End PBXFileReference section */

/* Begin PBXFrameworksBuildPhase section */
		8C387C93277EFD5D00968F99 /* Frameworks */ = {
			isa = PBXFrameworksBuildPhase;
			buildActionMask = 2147483647;
			files = (
			);
			runOnlyForDeploymentPostprocessing = 0;
		};
		8CE677AE277C32C2007DA708 /* Frameworks */ = {
			isa = PBXFrameworksBuildPhase;
			buildActionMask = 2147483647;
			files = (
			);
			runOnlyForDeploymentPostprocessing = 0;
		};
/* End PBXFrameworksBuildPhase section */

/* Begin PBXGroup section */
		8C30CE1C2780537F00F5CEE4 /* Components */ = {
			isa = PBXGroup;
			children = (
				8C30CE1D278053CA00F5CEE4 /* ShakeyBellView.swift */,
			);
			path = Components;
			sourceTree = "<group>";
		};
		8C387C8A277EB18800968F99 /* Header */ = {
			isa = PBXGroup;
			children = (
				8CD4A4F2277DB447006588AB /* AccountSummaryHeaderView.swift */,
				8CD4A4F4277DB46D006588AB /* AccountSummaryHeaderView.xib */,
			);
			path = Header;
			sourceTree = "<group>";
		};
		8C387C8B277EB1AA00968F99 /* Cells */ = {
			isa = PBXGroup;
			children = (
				8C387C8C277EB1CE00968F99 /* AccountSummaryCell.swift */,
				8C5739E927818ACF001C75C4 /* SkeletonLoadable.swift */,
				8C5739EB27818B60001C75C4 /* SkeletonCell.swift */,
			);
			path = Cells;
			sourceTree = "<group>";
		};
		8C387C97277EFD5D00968F99 /* BankeyUnitTests */ = {
			isa = PBXGroup;
			children = (
				8CBA03AF278165E90035ACB8 /* AccountSummary */,
				8CBA03AE278165E00035ACB8 /* Utils */,
			);
			path = BankeyUnitTests;
			sourceTree = "<group>";
		};
		8C986AFE277D92D600DF04B4 /* Utils */ = {
			isa = PBXGroup;
			children = (
				8C986B01277D9A4100DF04B4 /* UIViewController+Utils.swift */,
				8C387C8E277EF50500968F99 /* Decimal+Utils.swift */,
				8C30CE1A27803D3900F5CEE4 /* UITextField+SecureToggle.swift */,
				8C986AFF277D92E700DF04B4 /* LocalState.swift */,
				8C387C90277EF56000968F99 /* CurrencyFormatter.swift */,
				8C30CE1827803B4B00F5CEE4 /* NSNotificationName.swift */,
				8CBA03AA27815AD90035ACB8 /* Date+Utils.swift */,
			);
			path = Utils;
			sourceTree = "<group>";
		};
		8CBA03AE278165E00035ACB8 /* Utils */ = {
			isa = PBXGroup;
			children = (
				8C387C9F277EFE9600968F99 /* CurrencyFormatterTests.swift */,
			);
			path = Utils;
			sourceTree = "<group>";
		};
		8CBA03AF278165E90035ACB8 /* AccountSummary */ = {
			isa = PBXGroup;
			children = (
				8CBA03B0278166140035ACB8 /* ProfileTests.swift */,
				8CBA03B2278166970035ACB8 /* AccountTests.swift */,
			);
			path = AccountSummary;
			sourceTree = "<group>";
		};
		8CD4A4EF277DA9CA006588AB /* AccountSummary */ = {
			isa = PBXGroup;
			children = (
				8CD4A4F0277DA9F4006588AB /* AccountSummaryViewController.swift */,
				8CBA03AC27815BEE0035ACB8 /* AccountSummaryViewController+Networking.swift */,
				8C387C8A277EB18800968F99 /* Header */,
				8C387C8B277EB1AA00968F99 /* Cells */,
			);
			path = AccountSummary;
			sourceTree = "<group>";
		};
		8CE677A8277C32C2007DA708 = {
			isa = PBXGroup;
			children = (
				8CE677B3277C32C2007DA708 /* Bankey */,
				8C387C97277EFD5D00968F99 /* BankeyUnitTests */,
				8CE677B2277C32C2007DA708 /* Products */,
			);
			sourceTree = "<group>";
		};
		8CE677B2277C32C2007DA708 /* Products */ = {
			isa = PBXGroup;
			children = (
				8CE677B1277C32C2007DA708 /* Bankey.app */,
				8C387C96277EFD5D00968F99 /* BankeyUnitTests.xctest */,
			);
			name = Products;
			sourceTree = "<group>";
		};
		8CE677B3277C32C2007DA708 /* Bankey */ = {
			isa = PBXGroup;
			children = (
				8CE677B4277C32C2007DA708 /* AppDelegate.swift */,
				8C986B03277D9B6300DF04B4 /* MainViewController.swift */,
				8CE677CA277C372B007DA708 /* Login */,
				8CE677CD277C5CFD007DA708 /* Onboarding */,
				8CD4A4EF277DA9CA006588AB /* AccountSummary */,
				8C986AFE277D92D600DF04B4 /* Utils */,
				8C30CE1C2780537F00F5CEE4 /* Components */,
				8CE677C8277C368E007DA708 /* Files */,
			);
			path = Bankey;
			sourceTree = "<group>";
		};
		8CE677C8277C368E007DA708 /* Files */ = {
			isa = PBXGroup;
			children = (
				8CE677BD277C32C3007DA708 /* Assets.xcassets */,
				8CE677BF277C32C3007DA708 /* LaunchScreen.storyboard */,
				8CE677C2277C32C3007DA708 /* Info.plist */,
			);
			name = Files;
			sourceTree = "<group>";
		};
		8CE677CA277C372B007DA708 /* Login */ = {
			isa = PBXGroup;
			children = (
				8CE677CB277C3753007DA708 /* LoginView.swift */,
				8CE677B8277C32C2007DA708 /* LoginViewController.swift */,
				8C986AFC277D8C9A00DF04B4 /* DummyViewController.swift */,
			);
			path = Login;
			sourceTree = "<group>";
		};
		8CE677CD277C5CFD007DA708 /* Onboarding */ = {
			isa = PBXGroup;
			children = (
				8CE677CE277C5D2F007DA708 /* OnboardingContainerViewController.swift */,
				8CE677D0277C6459007DA708 /* OnboardingViewController.swift */,
			);
			path = Onboarding;
			sourceTree = "<group>";
		};
/* End PBXGroup section */

/* Begin PBXNativeTarget section */
		8C387C95277EFD5D00968F99 /* BankeyUnitTests */ = {
			isa = PBXNativeTarget;
			buildConfigurationList = 8C387C9C277EFD5D00968F99 /* Build configuration list for PBXNativeTarget "BankeyUnitTests" */;
			buildPhases = (
				8C387C92277EFD5D00968F99 /* Sources */,
				8C387C93277EFD5D00968F99 /* Frameworks */,
				8C387C94277EFD5D00968F99 /* Resources */,
			);
			buildRules = (
			);
			dependencies = (
				8C387C9B277EFD5D00968F99 /* PBXTargetDependency */,
			);
			name = BankeyUnitTests;
			productName = BankeyUnitTests;
			productReference = 8C387C96277EFD5D00968F99 /* BankeyUnitTests.xctest */;
			productType = "com.apple.product-type.bundle.unit-test";
		};
		8CE677B0277C32C2007DA708 /* Bankey */ = {
			isa = PBXNativeTarget;
			buildConfigurationList = 8CE677C5277C32C3007DA708 /* Build configuration list for PBXNativeTarget "Bankey" */;
			buildPhases = (
				8CE677AD277C32C2007DA708 /* Sources */,
				8CE677AE277C32C2007DA708 /* Frameworks */,
				8CE677AF277C32C2007DA708 /* Resources */,
			);
			buildRules = (
			);
			dependencies = (
			);
			name = Bankey;
			productName = Bankey;
			productReference = 8CE677B1277C32C2007DA708 /* Bankey.app */;
			productType = "com.apple.product-type.application";
		};
/* End PBXNativeTarget section */

/* Begin PBXProject section */
		8CE677A9277C32C2007DA708 /* Project object */ = {
			isa = PBXProject;
			attributes = {
				BuildIndependentTargetsInParallel = 1;
				LastSwiftUpdateCheck = 1320;
				LastUpgradeCheck = 1320;
				TargetAttributes = {
					8C387C95277EFD5D00968F99 = {
						CreatedOnToolsVersion = 13.2.1;
						LastSwiftMigration = 1320;
						TestTargetID = 8CE677B0277C32C2007DA708;
					};
					8CE677B0277C32C2007DA708 = {
						CreatedOnToolsVersion = 13.2.1;
					};
				};
			};
			buildConfigurationList = 8CE677AC277C32C2007DA708 /* Build configuration list for PBXProject "Bankey" */;
			compatibilityVersion = "Xcode 13.0";
			developmentRegion = en;
			hasScannedForEncodings = 0;
			knownRegions = (
				en,
				Base,
			);
			mainGroup = 8CE677A8277C32C2007DA708;
			productRefGroup = 8CE677B2277C32C2007DA708 /* Products */;
			projectDirPath = "";
			projectRoot = "";
			targets = (
				8CE677B0277C32C2007DA708 /* Bankey */,
				8C387C95277EFD5D00968F99 /* BankeyUnitTests */,
			);
		};
/* End PBXProject section */

/* Begin PBXResourcesBuildPhase section */
		8C387C94277EFD5D00968F99 /* Resources */ = {
			isa = PBXResourcesBuildPhase;
			buildActionMask = 2147483647;
			files = (
			);
			runOnlyForDeploymentPostprocessing = 0;
		};
		8CE677AF277C32C2007DA708 /* Resources */ = {
			isa = PBXResourcesBuildPhase;
			buildActionMask = 2147483647;
			files = (
				8CD4A4F5277DB46D006588AB /* AccountSummaryHeaderView.xib in Resources */,
				8CE677C1277C32C3007DA708 /* LaunchScreen.storyboard in Resources */,
				8CE677BE277C32C3007DA708 /* Assets.xcassets in Resources */,
			);
			runOnlyForDeploymentPostprocessing = 0;
		};
/* End PBXResourcesBuildPhase section */

/* Begin PBXSourcesBuildPhase section */
		8C387C92277EFD5D00968F99 /* Sources */ = {
			isa = PBXSourcesBuildPhase;
			buildActionMask = 2147483647;
			files = (
				8C387CA0277EFE9600968F99 /* CurrencyFormatterTests.swift in Sources */,
				8CBA03B3278166970035ACB8 /* AccountTests.swift in Sources */,
				8CBA03B1278166140035ACB8 /* ProfileTests.swift in Sources */,
			);
			runOnlyForDeploymentPostprocessing = 0;
		};
		8CE677AD277C32C2007DA708 /* Sources */ = {
			isa = PBXSourcesBuildPhase;
			buildActionMask = 2147483647;
			files = (
				8CBA03AD27815BEE0035ACB8 /* AccountSummaryViewController+Networking.swift in Sources */,
				8C5739EC27818B60001C75C4 /* SkeletonCell.swift in Sources */,
				8C986B02277D9A4100DF04B4 /* UIViewController+Utils.swift in Sources */,
				8CBA03AB27815AD90035ACB8 /* Date+Utils.swift in Sources */,
				8CE677CC277C3753007DA708 /* LoginView.swift in Sources */,
				8C986B00277D92E700DF04B4 /* LocalState.swift in Sources */,
				8CD4A4F3277DB447006588AB /* AccountSummaryHeaderView.swift in Sources */,
				8C30CE1B27803D3A00F5CEE4 /* UITextField+SecureToggle.swift in Sources */,
				8C986AFD277D8C9A00DF04B4 /* DummyViewController.swift in Sources */,
				8C387C91277EF56000968F99 /* CurrencyFormatter.swift in Sources */,
				8C387C8F277EF50500968F99 /* Decimal+Utils.swift in Sources */,
				8C30CE1927803B4B00F5CEE4 /* NSNotificationName.swift in Sources */,
				8CE677B9277C32C2007DA708 /* LoginViewController.swift in Sources */,
				8C30CE1E278053CA00F5CEE4 /* ShakeyBellView.swift in Sources */,
				8C387C8D277EB1CE00968F99 /* AccountSummaryCell.swift in Sources */,
				8CE677D1277C6459007DA708 /* OnboardingViewController.swift in Sources */,
				8C986B04277D9B6300DF04B4 /* MainViewController.swift in Sources */,
				8CD4A4F1277DA9F4006588AB /* AccountSummaryViewController.swift in Sources */,
				8CE677B5277C32C2007DA708 /* AppDelegate.swift in Sources */,
				8C5739EA27818ACF001C75C4 /* SkeletonLoadable.swift in Sources */,
				8CE677CF277C5D2F007DA708 /* OnboardingContainerViewController.swift in Sources */,
			);
			runOnlyForDeploymentPostprocessing = 0;
		};
/* End PBXSourcesBuildPhase section */

/* Begin PBXTargetDependency section */
		8C387C9B277EFD5D00968F99 /* PBXTargetDependency */ = {
			isa = PBXTargetDependency;
			target = 8CE677B0277C32C2007DA708 /* Bankey */;
			targetProxy = 8C387C9A277EFD5D00968F99 /* PBXContainerItemProxy */;
		};
/* End PBXTargetDependency section */

/* Begin PBXVariantGroup section */
		8CE677BF277C32C3007DA708 /* LaunchScreen.storyboard */ = {
			isa = PBXVariantGroup;
			children = (
				8CE677C0277C32C3007DA708 /* Base */,
			);
			name = LaunchScreen.storyboard;
			sourceTree = "<group>";
		};
/* End PBXVariantGroup section */

/* Begin XCBuildConfiguration section */
		8C387C9D277EFD5D00968F99 /* Debug */ = {
			isa = XCBuildConfiguration;
			buildSettings = {
				BUNDLE_LOADER = "$(TEST_HOST)";
				CLANG_ENABLE_MODULES = YES;
				CODE_SIGN_STYLE = Automatic;
				CURRENT_PROJECT_VERSION = 1;
				DEVELOPMENT_TEAM = Z5CM3J2T89;
				GENERATE_INFOPLIST_FILE = YES;
				LD_RUNPATH_SEARCH_PATHS = (
					"$(inherited)",
					"@executable_path/Frameworks",
					"@loader_path/Frameworks",
				);
				MARKETING_VERSION = 1.0;
				PRODUCT_BUNDLE_IDENTIFIER = com.niab.BankeyUnitTests;
				PRODUCT_NAME = "$(TARGET_NAME)";
				SWIFT_EMIT_LOC_STRINGS = NO;
				SWIFT_OPTIMIZATION_LEVEL = "-Onone";
				SWIFT_VERSION = 5.0;
				TARGETED_DEVICE_FAMILY = "1,2";
				TEST_HOST = "$(BUILT_PRODUCTS_DIR)/Bankey.app/Bankey";
			};
			name = Debug;
		};
		8C387C9E277EFD5D00968F99 /* Release */ = {
			isa = XCBuildConfiguration;
			buildSettings = {
				BUNDLE_LOADER = "$(TEST_HOST)";
				CLANG_ENABLE_MODULES = YES;
				CODE_SIGN_STYLE = Automatic;
				CURRENT_PROJECT_VERSION = 1;
				DEVELOPMENT_TEAM = Z5CM3J2T89;
				GENERATE_INFOPLIST_FILE = YES;
				LD_RUNPATH_SEARCH_PATHS = (
					"$(inherited)",
					"@executable_path/Frameworks",
					"@loader_path/Frameworks",
				);
				MARKETING_VERSION = 1.0;
				PRODUCT_BUNDLE_IDENTIFIER = com.niab.BankeyUnitTests;
				PRODUCT_NAME = "$(TARGET_NAME)";
				SWIFT_EMIT_LOC_STRINGS = NO;
				SWIFT_VERSION = 5.0;
				TARGETED_DEVICE_FAMILY = "1,2";
				TEST_HOST = "$(BUILT_PRODUCTS_DIR)/Bankey.app/Bankey";
			};
			name = Release;
		};
		8CE677C3277C32C3007DA708 /* Debug */ = {
			isa = XCBuildConfiguration;
			buildSettings = {
				ALWAYS_SEARCH_USER_PATHS = NO;
				CLANG_ANALYZER_NONNULL = YES;
				CLANG_ANALYZER_NUMBER_OBJECT_CONVERSION = YES_AGGRESSIVE;
				CLANG_CXX_LANGUAGE_STANDARD = "gnu++17";
				CLANG_CXX_LIBRARY = "libc++";
				CLANG_ENABLE_MODULES = YES;
				CLANG_ENABLE_OBJC_ARC = YES;
				CLANG_ENABLE_OBJC_WEAK = YES;
				CLANG_WARN_BLOCK_CAPTURE_AUTORELEASING = YES;
				CLANG_WARN_BOOL_CONVERSION = YES;
				CLANG_WARN_COMMA = YES;
				CLANG_WARN_CONSTANT_CONVERSION = YES;
				CLANG_WARN_DEPRECATED_OBJC_IMPLEMENTATIONS = YES;
				CLANG_WARN_DIRECT_OBJC_ISA_USAGE = YES_ERROR;
				CLANG_WARN_DOCUMENTATION_COMMENTS = YES;
				CLANG_WARN_EMPTY_BODY = YES;
				CLANG_WARN_ENUM_CONVERSION = YES;
				CLANG_WARN_INFINITE_RECURSION = YES;
				CLANG_WARN_INT_CONVERSION = YES;
				CLANG_WARN_NON_LITERAL_NULL_CONVERSION = YES;
				CLANG_WARN_OBJC_IMPLICIT_RETAIN_SELF = YES;
				CLANG_WARN_OBJC_LITERAL_CONVERSION = YES;
				CLANG_WARN_OBJC_ROOT_CLASS = YES_ERROR;
				CLANG_WARN_QUOTED_INCLUDE_IN_FRAMEWORK_HEADER = YES;
				CLANG_WARN_RANGE_LOOP_ANALYSIS = YES;
				CLANG_WARN_STRICT_PROTOTYPES = YES;
				CLANG_WARN_SUSPICIOUS_MOVE = YES;
				CLANG_WARN_UNGUARDED_AVAILABILITY = YES_AGGRESSIVE;
				CLANG_WARN_UNREACHABLE_CODE = YES;
				CLANG_WARN__DUPLICATE_METHOD_MATCH = YES;
				COPY_PHASE_STRIP = NO;
				DEBUG_INFORMATION_FORMAT = dwarf;
				ENABLE_STRICT_OBJC_MSGSEND = YES;
				ENABLE_TESTABILITY = YES;
				GCC_C_LANGUAGE_STANDARD = gnu11;
				GCC_DYNAMIC_NO_PIC = NO;
				GCC_NO_COMMON_BLOCKS = YES;
				GCC_OPTIMIZATION_LEVEL = 0;
				GCC_PREPROCESSOR_DEFINITIONS = (
					"DEBUG=1",
					"$(inherited)",
				);
				GCC_WARN_64_TO_32_BIT_CONVERSION = YES;
				GCC_WARN_ABOUT_RETURN_TYPE = YES_ERROR;
				GCC_WARN_UNDECLARED_SELECTOR = YES;
				GCC_WARN_UNINITIALIZED_AUTOS = YES_AGGRESSIVE;
				GCC_WARN_UNUSED_FUNCTION = YES;
				GCC_WARN_UNUSED_VARIABLE = YES;
				IPHONEOS_DEPLOYMENT_TARGET = 15.2;
				MTL_ENABLE_DEBUG_INFO = INCLUDE_SOURCE;
				MTL_FAST_MATH = YES;
				ONLY_ACTIVE_ARCH = YES;
				SDKROOT = iphoneos;
				SWIFT_ACTIVE_COMPILATION_CONDITIONS = DEBUG;
				SWIFT_OPTIMIZATION_LEVEL = "-Onone";
			};
			name = Debug;
		};
		8CE677C4277C32C3007DA708 /* Release */ = {
			isa = XCBuildConfiguration;
			buildSettings = {
				ALWAYS_SEARCH_USER_PATHS = NO;
				CLANG_ANALYZER_NONNULL = YES;
				CLANG_ANALYZER_NUMBER_OBJECT_CONVERSION = YES_AGGRESSIVE;
				CLANG_CXX_LANGUAGE_STANDARD = "gnu++17";
				CLANG_CXX_LIBRARY = "libc++";
				CLANG_ENABLE_MODULES = YES;
				CLANG_ENABLE_OBJC_ARC = YES;
				CLANG_ENABLE_OBJC_WEAK = YES;
				CLANG_WARN_BLOCK_CAPTURE_AUTORELEASING = YES;
				CLANG_WARN_BOOL_CONVERSION = YES;
				CLANG_WARN_COMMA = YES;
				CLANG_WARN_CONSTANT_CONVERSION = YES;
				CLANG_WARN_DEPRECATED_OBJC_IMPLEMENTATIONS = YES;
				CLANG_WARN_DIRECT_OBJC_ISA_USAGE = YES_ERROR;
				CLANG_WARN_DOCUMENTATION_COMMENTS = YES;
				CLANG_WARN_EMPTY_BODY = YES;
				CLANG_WARN_ENUM_CONVERSION = YES;
				CLANG_WARN_INFINITE_RECURSION = YES;
				CLANG_WARN_INT_CONVERSION = YES;
				CLANG_WARN_NON_LITERAL_NULL_CONVERSION = YES;
				CLANG_WARN_OBJC_IMPLICIT_RETAIN_SELF = YES;
				CLANG_WARN_OBJC_LITERAL_CONVERSION = YES;
				CLANG_WARN_OBJC_ROOT_CLASS = YES_ERROR;
				CLANG_WARN_QUOTED_INCLUDE_IN_FRAMEWORK_HEADER = YES;
				CLANG_WARN_RANGE_LOOP_ANALYSIS = YES;
				CLANG_WARN_STRICT_PROTOTYPES = YES;
				CLANG_WARN_SUSPICIOUS_MOVE = YES;
				CLANG_WARN_UNGUARDED_AVAILABILITY = YES_AGGRESSIVE;
				CLANG_WARN_UNREACHABLE_CODE = YES;
				CLANG_WARN__DUPLICATE_METHOD_MATCH = YES;
				COPY_PHASE_STRIP = NO;
				DEBUG_INFORMATION_FORMAT = "dwarf-with-dsym";
				ENABLE_NS_ASSERTIONS = NO;
				ENABLE_STRICT_OBJC_MSGSEND = YES;
				GCC_C_LANGUAGE_STANDARD = gnu11;
				GCC_NO_COMMON_BLOCKS = YES;
				GCC_WARN_64_TO_32_BIT_CONVERSION = YES;
				GCC_WARN_ABOUT_RETURN_TYPE = YES_ERROR;
				GCC_WARN_UNDECLARED_SELECTOR = YES;
				GCC_WARN_UNINITIALIZED_AUTOS = YES_AGGRESSIVE;
				GCC_WARN_UNUSED_FUNCTION = YES;
				GCC_WARN_UNUSED_VARIABLE = YES;
				IPHONEOS_DEPLOYMENT_TARGET = 15.2;
				MTL_ENABLE_DEBUG_INFO = NO;
				MTL_FAST_MATH = YES;
				SDKROOT = iphoneos;
				SWIFT_COMPILATION_MODE = wholemodule;
				SWIFT_OPTIMIZATION_LEVEL = "-O";
				VALIDATE_PRODUCT = YES;
			};
			name = Release;
		};
		8CE677C6277C32C3007DA708 /* Debug */ = {
			isa = XCBuildConfiguration;
			buildSettings = {
				ASSETCATALOG_COMPILER_APPICON_NAME = AppIcon;
				ASSETCATALOG_COMPILER_GLOBAL_ACCENT_COLOR_NAME = AccentColor;
				CODE_SIGN_STYLE = Automatic;
				CURRENT_PROJECT_VERSION = 1;
				DEVELOPMENT_TEAM = Z5CM3J2T89;
				GENERATE_INFOPLIST_FILE = YES;
				INFOPLIST_FILE = Bankey/Info.plist;
				INFOPLIST_KEY_UIApplicationSupportsIndirectInputEvents = YES;
				INFOPLIST_KEY_UILaunchStoryboardName = LaunchScreen;
				INFOPLIST_KEY_UISupportedInterfaceOrientations_iPad = "UIInterfaceOrientationPortrait UIInterfaceOrientationPortraitUpsideDown UIInterfaceOrientationLandscapeLeft UIInterfaceOrientationLandscapeRight";
				INFOPLIST_KEY_UISupportedInterfaceOrientations_iPhone = "UIInterfaceOrientationPortrait UIInterfaceOrientationLandscapeLeft UIInterfaceOrientationLandscapeRight";
				LD_RUNPATH_SEARCH_PATHS = (
					"$(inherited)",
					"@executable_path/Frameworks",
				);
				MARKETING_VERSION = 1.0;
				PRODUCT_BUNDLE_IDENTIFIER = com.niab.Bankey;
				PRODUCT_NAME = "$(TARGET_NAME)";
				SWIFT_EMIT_LOC_STRINGS = YES;
				SWIFT_VERSION = 5.0;
				TARGETED_DEVICE_FAMILY = "1,2";
			};
			name = Debug;
		};
		8CE677C7277C32C3007DA708 /* Release */ = {
			isa = XCBuildConfiguration;
			buildSettings = {
				ASSETCATALOG_COMPILER_APPICON_NAME = AppIcon;
				ASSETCATALOG_COMPILER_GLOBAL_ACCENT_COLOR_NAME = AccentColor;
				CODE_SIGN_STYLE = Automatic;
				CURRENT_PROJECT_VERSION = 1;
				DEVELOPMENT_TEAM = Z5CM3J2T89;
				GENERATE_INFOPLIST_FILE = YES;
				INFOPLIST_FILE = Bankey/Info.plist;
				INFOPLIST_KEY_UIApplicationSupportsIndirectInputEvents = YES;
				INFOPLIST_KEY_UILaunchStoryboardName = LaunchScreen;
				INFOPLIST_KEY_UISupportedInterfaceOrientations_iPad = "UIInterfaceOrientationPortrait UIInterfaceOrientationPortraitUpsideDown UIInterfaceOrientationLandscapeLeft UIInterfaceOrientationLandscapeRight";
				INFOPLIST_KEY_UISupportedInterfaceOrientations_iPhone = "UIInterfaceOrientationPortrait UIInterfaceOrientationLandscapeLeft UIInterfaceOrientationLandscapeRight";
				LD_RUNPATH_SEARCH_PATHS = (
					"$(inherited)",
					"@executable_path/Frameworks",
				);
				MARKETING_VERSION = 1.0;
				PRODUCT_BUNDLE_IDENTIFIER = com.niab.Bankey;
				PRODUCT_NAME = "$(TARGET_NAME)";
				SWIFT_EMIT_LOC_STRINGS = YES;
				SWIFT_VERSION = 5.0;
				TARGETED_DEVICE_FAMILY = "1,2";
			};
			name = Release;
		};
/* End XCBuildConfiguration section */

/* Begin XCConfigurationList section */
		8C387C9C277EFD5D00968F99 /* Build configuration list for PBXNativeTarget "BankeyUnitTests" */ = {
			isa = XCConfigurationList;
			buildConfigurations = (
				8C387C9D277EFD5D00968F99 /* Debug */,
				8C387C9E277EFD5D00968F99 /* Release */,
			);
			defaultConfigurationIsVisible = 0;
			defaultConfigurationName = Release;
		};
		8CE677AC277C32C2007DA708 /* Build configuration list for PBXProject "Bankey" */ = {
			isa = XCConfigurationList;
			buildConfigurations = (
				8CE677C3277C32C3007DA708 /* Debug */,
				8CE677C4277C32C3007DA708 /* Release */,
			);
			defaultConfigurationIsVisible = 0;
			defaultConfigurationName = Release;
		};
		8CE677C5277C32C3007DA708 /* Build configuration list for PBXNativeTarget "Bankey" */ = {
			isa = XCConfigurationList;
			buildConfigurations = (
				8CE677C6277C32C3007DA708 /* Debug */,
				8CE677C7277C32C3007DA708 /* Release */,
			);
			defaultConfigurationIsVisible = 0;
			defaultConfigurationName = Release;
		};
/* End XCConfigurationList section */
	};
	rootObject = 8CE677A9277C32C2007DA708 /* Project object */;
}
